
Microsoft Visual Studio Solution File, Format Version 12.00
# Visual Studio Version 17
VisualStudioVersion = 17.8.34309.116
MinimumVisualStudioVersion = 10.0.40219.1
Project("{FAE04EC0-301F-11D3-BF4B-00C04F79EFBC}") = "Project", "Project.csproj", "{B0809AF8-58BE-46B6-A353-157C762BA1CC}"
EndProject
Global
	GlobalSection(SolutionConfigurationPlatforms) = preSolution
		Debug|Any CPU = Debug|Any CPU
		Release|Any CPU = Release|Any CPU
	EndGlobalSection
	GlobalSection(ProjectConfigurationPlatforms) = postSolution
		{B0809AF8-58BE-46B6-A353-157C762BA1CC}.Debug|Any CPU.ActiveCfg = Debug|Any CPU
		{B0809AF8-58BE-46B6-A353-157C762BA1CC}.Debug|Any CPU.Build.0 = Debug|Any CPU
		{B0809AF8-58BE-46B6-A353-157C762BA1CC}.Release|Any CPU.ActiveCfg = Release|Any CPU
		{B0809AF8-58BE-46B6-A353-157C762BA1CC}.Release|Any CPU.Build.0 = Release|Any CPU
	EndGlobalSection
	GlobalSection(SolutionProperties) = preSolution
		HideSolutionNode = FALSE
	EndGlobalSection
	GlobalSection(ExtensibilityGlobals) = postSolution
		SolutionGuid = {A7A02C99-9A13-48BF-AED9-230422C94385}
	EndGlobalSection
EndGlobal
